
Microsoft Visual Studio Solution File, Format Version 12.00
# Visual Studio Version 17
VisualStudioVersion = 17.14.36401.2
MinimumVisualStudioVersion = 10.0.40219.1
Project("{FAE04EC0-301F-11D3-BF4B-00C04F79EFBC}") = "Bai04", "Bai04\Bai04.csproj", "{55624D2D-0AB1-42D1-B3AF-4813A1CD3C76}"
EndProject
Project("{FAE04EC0-301F-11D3-BF4B-00C04F79EFBC}") = "Bai03", "Bai03\Bai03.csproj", "{159B24A0-6E90-4677-B9EA-F356ACF896CF}"
EndProject
Project("{FAE04EC0-301F-11D3-BF4B-00C04F79EFBC}") = "Bai01", "Bai01\Bai01.csproj", "{A1B29651-1EFD-40C5-8F54-97183F455C9C}"
EndProject
Project("{FAE04EC0-301F-11D3-BF4B-00C04F79EFBC}") = "Bai05", "Bai05\Bai05.csproj", "{EA60B15A-9451-4287-9D7B-7CB0C5CCD209}"
EndProject
Project("{FAE04EC0-301F-11D3-BF4B-00C04F79EFBC}") = "Bai02", "Bai02\Bai02.csproj", "{16CB0EDF-598C-4E7F-82C9-6A729CE7339B}"
EndProject
Global
	GlobalSection(SolutionConfigurationPlatforms) = preSolution
		Debug|Any CPU = Debug|Any CPU
		Release|Any CPU = Release|Any CPU
	EndGlobalSection
	GlobalSection(ProjectConfigurationPlatforms) = postSolution
		{55624D2D-0AB1-42D1-B3AF-4813A1CD3C76}.Debug|Any CPU.ActiveCfg = Debug|Any CPU
		{55624D2D-0AB1-42D1-B3AF-4813A1CD3C76}.Debug|Any CPU.Build.0 = Debug|Any CPU
		{55624D2D-0AB1-42D1-B3AF-4813A1CD3C76}.Release|Any CPU.ActiveCfg = Release|Any CPU
		{55624D2D-0AB1-42D1-B3AF-4813A1CD3C76}.Release|Any CPU.Build.0 = Release|Any CPU
		{159B24A0-6E90-4677-B9EA-F356ACF896CF}.Debug|Any CPU.ActiveCfg = Debug|Any CPU
		{159B24A0-6E90-4677-B9EA-F356ACF896CF}.Debug|Any CPU.Build.0 = Debug|Any CPU
		{159B24A0-6E90-4677-B9EA-F356ACF896CF}.Release|Any CPU.ActiveCfg = Release|Any CPU
		{159B24A0-6E90-4677-B9EA-F356ACF896CF}.Release|Any CPU.Build.0 = Release|Any CPU
		{A1B29651-1EFD-40C5-8F54-97183F455C9C}.Debug|Any CPU.ActiveCfg = Debug|Any CPU
		{A1B29651-1EFD-40C5-8F54-97183F455C9C}.Debug|Any CPU.Build.0 = Debug|Any CPU
		{A1B29651-1EFD-40C5-8F54-97183F455C9C}.Release|Any CPU.ActiveCfg = Release|Any CPU
		{A1B29651-1EFD-40C5-8F54-97183F455C9C}.Release|Any CPU.Build.0 = Release|Any CPU
		{EA60B15A-9451-4287-9D7B-7CB0C5CCD209}.Debug|Any CPU.ActiveCfg = Debug|Any CPU
		{EA60B15A-9451-4287-9D7B-7CB0C5CCD209}.Debug|Any CPU.Build.0 = Debug|Any CPU
		{EA60B15A-9451-4287-9D7B-7CB0C5CCD209}.Release|Any CPU.ActiveCfg = Release|Any CPU
		{EA60B15A-9451-4287-9D7B-7CB0C5CCD209}.Release|Any CPU.Build.0 = Release|Any CPU
		{16CB0EDF-598C-4E7F-82C9-6A729CE7339B}.Debug|Any CPU.ActiveCfg = Debug|Any CPU
		{16CB0EDF-598C-4E7F-82C9-6A729CE7339B}.Debug|Any CPU.Build.0 = Debug|Any CPU
		{16CB0EDF-598C-4E7F-82C9-6A729CE7339B}.Release|Any CPU.ActiveCfg = Release|Any CPU
		{16CB0EDF-598C-4E7F-82C9-6A729CE7339B}.Release|Any CPU.Build.0 = Release|Any CPU
	EndGlobalSection
	GlobalSection(SolutionProperties) = preSolution
		HideSolutionNode = FALSE
	EndGlobalSection
	GlobalSection(ExtensibilityGlobals) = postSolution
		SolutionGuid = {43D793CE-E3F2-4E88-BBC3-567282E9DF0D}
	EndGlobalSection
EndGlobal
